// !$*UTF8*$!
{
	archiveVersion = 1;
	classes = {
	};
	objectVersion = 46;
	objects = {

/* Begin PBXBuildFile section */
		A588AB73171163A700C5FC0D /* UIKit.framework in Frameworks */ = {isa = PBXBuildFile; fileRef = A588AB72171163A700C5FC0D /* UIKit.framework */; };
		A588AB75171163A700C5FC0D /* Foundation.framework in Frameworks */ = {isa = PBXBuildFile; fileRef = A588AB74171163A700C5FC0D /* Foundation.framework */; };
		A588AB77171163A700C5FC0D /* CoreGraphics.framework in Frameworks */ = {isa = PBXBuildFile; fileRef = A588AB76171163A700C5FC0D /* CoreGraphics.framework */; };
		A588AB7D171163A700C5FC0D /* InfoPlist.strings in Resources */ = {isa = PBXBuildFile; fileRef = A588AB7B171163A700C5FC0D /* InfoPlist.strings */; };
		A588AB7F171163A700C5FC0D /* main.m in Sources */ = {isa = PBXBuildFile; fileRef = A588AB7E171163A700C5FC0D /* main.m */; };
		A588AB83171163A700C5FC0D /* WhereamiAppDelegate.m in Sources */ = {isa = PBXBuildFile; fileRef = A588AB82171163A700C5FC0D /* WhereamiAppDelegate.m */; };
		A588AB85171163A700C5FC0D /* Default.png in Resources */ = {isa = PBXBuildFile; fileRef = A588AB84171163A700C5FC0D /* Default.png */; };
		A588AB87171163A700C5FC0D /* Default@2x.png in Resources */ = {isa = PBXBuildFile; fileRef = A588AB86171163A700C5FC0D /* Default@2x.png */; };
		A588AB89171163A700C5FC0D /* Default-568h@2x.png in Resources */ = {isa = PBXBuildFile; fileRef = A588AB88171163A700C5FC0D /* Default-568h@2x.png */; };
		A588AB8C171163A700C5FC0D /* WhereamiViewController.m in Sources */ = {isa = PBXBuildFile; fileRef = A588AB8B171163A700C5FC0D /* WhereamiViewController.m */; };
		A588AB8F171163A700C5FC0D /* WhereamiViewController.xib in Resources */ = {isa = PBXBuildFile; fileRef = A588AB8D171163A700C5FC0D /* WhereamiViewController.xib */; };
		A588AB961711642B00C5FC0D /* CoreLocation.framework in Frameworks */ = {isa = PBXBuildFile; fileRef = A588AB951711642B00C5FC0D /* CoreLocation.framework */; };
		A588AB9817116C5F00C5FC0D /* MapKit.framework in Frameworks */ = {isa = PBXBuildFile; fileRef = A588AB9717116C5F00C5FC0D /* MapKit.framework */; };
		A5A773CF1711A4970017C00A /* HNNPMapPoint.m in Sources */ = {isa = PBXBuildFile; fileRef = A5A773CE1711A4970017C00A /* HNNPMapPoint.m */; };
/* End PBXBuildFile section */

/* Begin PBXFileReference section */
		A588AB6F171163A700C5FC0D /* Whereami.app */ = {isa = PBXFileReference; explicitFileType = wrapper.application; includeInIndex = 0; path = Whereami.app; sourceTree = BUILT_PRODUCTS_DIR; };
		A588AB72171163A700C5FC0D /* UIKit.framework */ = {isa = PBXFileReference; lastKnownFileType = wrapper.framework; name = UIKit.framework; path = System/Library/Frameworks/UIKit.framework; sourceTree = SDKROOT; };
		A588AB74171163A700C5FC0D /* Foundation.framework */ = {isa = PBXFileReference; lastKnownFileType = wrapper.framework; name = Foundation.framework; path = System/Library/Frameworks/Foundation.framework; sourceTree = SDKROOT; };
		A588AB76171163A700C5FC0D /* CoreGraphics.framework */ = {isa = PBXFileReference; lastKnownFileType = wrapper.framework; name = CoreGraphics.framework; path = System/Library/Frameworks/CoreGraphics.framework; sourceTree = SDKROOT; };
		A588AB7A171163A700C5FC0D /* Whereami-Info.plist */ = {isa = PBXFileReference; lastKnownFileType = text.plist.xml; path = "Whereami-Info.plist"; sourceTree = "<group>"; };
		A588AB7C171163A700C5FC0D /* en */ = {isa = PBXFileReference; lastKnownFileType = text.plist.strings; name = en; path = en.lproj/InfoPlist.strings; sourceTree = "<group>"; };
		A588AB7E171163A700C5FC0D /* main.m */ = {isa = PBXFileReference; lastKnownFileType = sourcecode.c.objc; path = main.m; sourceTree = "<group>"; };
		A588AB80171163A700C5FC0D /* Whereami-Prefix.pch */ = {isa = PBXFileReference; lastKnownFileType = sourcecode.c.h; path = "Whereami-Prefix.pch"; sourceTree = "<group>"; };
		A588AB81171163A700C5FC0D /* WhereamiAppDelegate.h */ = {isa = PBXFileReference; lastKnownFileType = sourcecode.c.h; path = WhereamiAppDelegate.h; sourceTree = "<group>"; };
		A588AB82171163A700C5FC0D /* WhereamiAppDelegate.m */ = {isa = PBXFileReference; lastKnownFileType = sourcecode.c.objc; path = WhereamiAppDelegate.m; sourceTree = "<group>"; };
		A588AB84171163A700C5FC0D /* Default.png */ = {isa = PBXFileReference; lastKnownFileType = image.png; path = Default.png; sourceTree = "<group>"; };
		A588AB86171163A700C5FC0D /* Default@2x.png */ = {isa = PBXFileReference; lastKnownFileType = image.png; path = "Default@2x.png"; sourceTree = "<group>"; };
		A588AB88171163A700C5FC0D /* Default-568h@2x.png */ = {isa = PBXFileReference; lastKnownFileType = image.png; path = "Default-568h@2x.png"; sourceTree = "<group>"; };
		A588AB8A171163A700C5FC0D /* WhereamiViewController.h */ = {isa = PBXFileReference; lastKnownFileType = sourcecode.c.h; path = WhereamiViewController.h; sourceTree = "<group>"; };
		A588AB8B171163A700C5FC0D /* WhereamiViewController.m */ = {isa = PBXFileReference; lastKnownFileType = sourcecode.c.objc; path = WhereamiViewController.m; sourceTree = "<group>"; };
		A588AB8E171163A700C5FC0D /* en */ = {isa = PBXFileReference; lastKnownFileType = file.xib; name = en; path = en.lproj/WhereamiViewController.xib; sourceTree = "<group>"; };
		A588AB951711642B00C5FC0D /* CoreLocation.framework */ = {isa = PBXFileReference; lastKnownFileType = wrapper.framework; name = CoreLocation.framework; path = System/Library/Frameworks/CoreLocation.framework; sourceTree = SDKROOT; };
		A588AB9717116C5F00C5FC0D /* MapKit.framework */ = {isa = PBXFileReference; lastKnownFileType = wrapper.framework; name = MapKit.framework; path = System/Library/Frameworks/MapKit.framework; sourceTree = SDKROOT; };
		A5A773CD1711A4970017C00A /* HNNPMapPoint.h */ = {isa = PBXFileReference; fileEncoding = 4; lastKnownFileType = sourcecode.c.h; path = HNNPMapPoint.h; sourceTree = "<group>"; };
		A5A773CE1711A4970017C00A /* HNNPMapPoint.m */ = {isa = PBXFileReference; fileEncoding = 4; lastKnownFileType = sourcecode.c.objc; path = HNNPMapPoint.m; sourceTree = "<group>"; };
/* End PBXFileReference section */

/* Begin PBXFrameworksBuildPhase section */
		A588AB6C171163A700C5FC0D /* Frameworks */ = {
			isa = PBXFrameworksBuildPhase;
			buildActionMask = 2147483647;
			files = (
				A588AB9817116C5F00C5FC0D /* MapKit.framework in Frameworks */,
				A588AB961711642B00C5FC0D /* CoreLocation.framework in Frameworks */,
				A588AB73171163A700C5FC0D /* UIKit.framework in Frameworks */,
				A588AB75171163A700C5FC0D /* Foundation.framework in Frameworks */,
				A588AB77171163A700C5FC0D /* CoreGraphics.framework in Frameworks */,
			);
			runOnlyForDeploymentPostprocessing = 0;
		};
/* End PBXFrameworksBuildPhase section */

/* Begin PBXGroup section */
		A588AB66171163A700C5FC0D = {
			isa = PBXGroup;
			children = (
				A588AB78171163A700C5FC0D /* Whereami */,
				A588AB71171163A700C5FC0D /* Frameworks */,
				A588AB70171163A700C5FC0D /* Products */,
			);
			sourceTree = "<group>";
		};
		A588AB70171163A700C5FC0D /* Products */ = {
			isa = PBXGroup;
			children = (
				A588AB6F171163A700C5FC0D /* Whereami.app */,
			);
			name = Products;
			sourceTree = "<group>";
		};
		A588AB71171163A700C5FC0D /* Frameworks */ = {
			isa = PBXGroup;
			children = (
				A588AB9717116C5F00C5FC0D /* MapKit.framework */,
				A588AB951711642B00C5FC0D /* CoreLocation.framework */,
				A588AB72171163A700C5FC0D /* UIKit.framework */,
				A588AB74171163A700C5FC0D /* Foundation.framework */,
				A588AB76171163A700C5FC0D /* CoreGraphics.framework */,
			);
			name = Frameworks;
			sourceTree = "<group>";
		};
		A588AB78171163A700C5FC0D /* Whereami */ = {
			isa = PBXGroup;
			children = (
				A588AB81171163A700C5FC0D /* WhereamiAppDelegate.h */,
				A588AB82171163A700C5FC0D /* WhereamiAppDelegate.m */,
				A588AB8A171163A700C5FC0D /* WhereamiViewController.h */,
				A588AB8B171163A700C5FC0D /* WhereamiViewController.m */,
				A5A773CD1711A4970017C00A /* HNNPMapPoint.h */,
				A5A773CE1711A4970017C00A /* HNNPMapPoint.m */,
				A588AB8D171163A700C5FC0D /* WhereamiViewController.xib */,
				A588AB79171163A700C5FC0D /* Supporting Files */,
			);
			path = Whereami;
			sourceTree = "<group>";
		};
		A588AB79171163A700C5FC0D /* Supporting Files */ = {
			isa = PBXGroup;
			children = (
				A588AB7A171163A700C5FC0D /* Whereami-Info.plist */,
				A588AB7B171163A700C5FC0D /* InfoPlist.strings */,
				A588AB7E171163A700C5FC0D /* main.m */,
				A588AB80171163A700C5FC0D /* Whereami-Prefix.pch */,
				A588AB84171163A700C5FC0D /* Default.png */,
				A588AB86171163A700C5FC0D /* Default@2x.png */,
				A588AB88171163A700C5FC0D /* Default-568h@2x.png */,
			);
			name = "Supporting Files";
			sourceTree = "<group>";
		};
/* End PBXGroup section */

/* Begin PBXNativeTarget section */
		A588AB6E171163A700C5FC0D /* Whereami */ = {
			isa = PBXNativeTarget;
			buildConfigurationList = A588AB92171163A700C5FC0D /* Build configuration list for PBXNativeTarget "Whereami" */;
			buildPhases = (
				A588AB6B171163A700C5FC0D /* Sources */,
				A588AB6C171163A700C5FC0D /* Frameworks */,
				A588AB6D171163A700C5FC0D /* Resources */,
			);
			buildRules = (
			);
			dependencies = (
			);
			name = Whereami;
			productName = Whereami;
			productReference = A588AB6F171163A700C5FC0D /* Whereami.app */;
			productType = "com.apple.product-type.application";
		};
/* End PBXNativeTarget section */

/* Begin PBXProject section */
		A588AB67171163A700C5FC0D /* Project object */ = {
			isa = PBXProject;
			attributes = {
				CLASSPREFIX = Whereami;
				LastUpgradeCheck = 0460;
				ORGANIZATIONNAME = "Douglas Yang";
			};
			buildConfigurationList = A588AB6A171163A700C5FC0D /* Build configuration list for PBXProject "Whereami" */;
			compatibilityVersion = "Xcode 3.2";
			developmentRegion = English;
			hasScannedForEncodings = 0;
			knownRegions = (
				en,
			);
			mainGroup = A588AB66171163A700C5FC0D;
			productRefGroup = A588AB70171163A700C5FC0D /* Products */;
			projectDirPath = "";
			projectRoot = "";
			targets = (
				A588AB6E171163A700C5FC0D /* Whereami */,
			);
		};
/* End PBXProject section */

/* Begin PBXResourcesBuildPhase section */
		A588AB6D171163A700C5FC0D /* Resources */ = {
			isa = PBXResourcesBuildPhase;
			buildActionMask = 2147483647;
			files = (
				A588AB7D171163A700C5FC0D /* InfoPlist.strings in Resources */,
				A588AB85171163A700C5FC0D /* Default.png in Resources */,
				A588AB87171163A700C5FC0D /* Default@2x.png in Resources */,
				A588AB89171163A700C5FC0D /* Default-568h@2x.png in Resources */,
				A588AB8F171163A700C5FC0D /* WhereamiViewController.xib in Resources */,
			);
			runOnlyForDeploymentPostprocessing = 0;
		};
/* End PBXResourcesBuildPhase section */

/* Begin PBXSourcesBuildPhase section */
		A588AB6B171163A700C5FC0D /* Sources */ = {
			isa = PBXSourcesBuildPhase;
			buildActionMask = 2147483647;
			files = (
				A588AB7F171163A700C5FC0D /* main.m in Sources */,
				A588AB83171163A700C5FC0D /* WhereamiAppDelegate.m in Sources */,
				A588AB8C171163A700C5FC0D /* WhereamiViewController.m in Sources */,
				A5A773CF1711A4970017C00A /* HNNPMapPoint.m in Sources */,
			);
			runOnlyForDeploymentPostprocessing = 0;
		};
/* End PBXSourcesBuildPhase section */

/* Begin PBXVariantGroup section */
		A588AB7B171163A700C5FC0D /* InfoPlist.strings */ = {
			isa = PBXVariantGroup;
			children = (
				A588AB7C171163A700C5FC0D /* en */,
			);
			name = InfoPlist.strings;
			sourceTree = "<group>";
		};
		A588AB8D171163A700C5FC0D /* WhereamiViewController.xib */ = {
			isa = PBXVariantGroup;
			children = (
				A588AB8E171163A700C5FC0D /* en */,
			);
			name = WhereamiViewController.xib;
			sourceTree = "<group>";
		};
/* End PBXVariantGroup section */

/* Begin XCBuildConfiguration section */
		A588AB90171163A700C5FC0D /* Debug */ = {
			isa = XCBuildConfiguration;
			buildSettings = {
				ALWAYS_SEARCH_USER_PATHS = NO;
				CLANG_CXX_LANGUAGE_STANDARD = "gnu++0x";
				CLANG_CXX_LIBRARY = "libc++";
				CLANG_ENABLE_OBJC_ARC = YES;
				CLANG_WARN_CONSTANT_CONVERSION = YES;
				CLANG_WARN_EMPTY_BODY = YES;
				CLANG_WARN_ENUM_CONVERSION = YES;
				CLANG_WARN_INT_CONVERSION = YES;
				CLANG_WARN__DUPLICATE_METHOD_MATCH = YES;
				"CODE_SIGN_IDENTITY[sdk=iphoneos*]" = "iPhone Developer";
				COPY_PHASE_STRIP = NO;
				GCC_C_LANGUAGE_STANDARD = gnu99;
				GCC_DYNAMIC_NO_PIC = NO;
				GCC_OPTIMIZATION_LEVEL = 0;
				GCC_PREPROCESSOR_DEFINITIONS = (
					"DEBUG=1",
					"$(inherited)",
				);
				GCC_SYMBOLS_PRIVATE_EXTERN = NO;
				GCC_WARN_ABOUT_RETURN_TYPE = YES;
				GCC_WARN_UNINITIALIZED_AUTOS = YES;
				GCC_WARN_UNUSED_VARIABLE = YES;
				IPHONEOS_DEPLOYMENT_TARGET = 6.1;
				ONLY_ACTIVE_ARCH = YES;
				SDKROOT = iphoneos;
			};
			name = Debug;
		};
		A588AB91171163A700C5FC0D /* Release */ = {
			isa = XCBuildConfiguration;
			buildSettings = {
				ALWAYS_SEARCH_USER_PATHS = NO;
				CLANG_CXX_LANGUAGE_STANDARD = "gnu++0x";
				CLANG_CXX_LIBRARY = "libc++";
				CLANG_ENABLE_OBJC_ARC = YES;
				CLANG_WARN_CONSTANT_CONVERSION = YES;
				CLANG_WARN_EMPTY_BODY = YES;
				CLANG_WARN_ENUM_CONVERSION = YES;
				CLANG_WARN_INT_CONVERSION = YES;
				CLANG_WARN__DUPLICATE_METHOD_MATCH = YES;
				"CODE_SIGN_IDENTITY[sdk=iphoneos*]" = "iPhone Developer";
				COPY_PHASE_STRIP = YES;
				GCC_C_LANGUAGE_STANDARD = gnu99;
				GCC_WARN_ABOUT_RETURN_TYPE = YES;
				GCC_WARN_UNINITIALIZED_AUTOS = YES;
				GCC_WARN_UNUSED_VARIABLE = YES;
				IPHONEOS_DEPLOYMENT_TARGET = 6.1;
				OTHER_CFLAGS = "-DNS_BLOCK_ASSERTIONS=1";
				SDKROOT = iphoneos;
				VALIDATE_PRODUCT = YES;
			};
			name = Release;
		};
		A588AB93171163A700C5FC0D /* Debug */ = {
			isa = XCBuildConfiguration;
			buildSettings = {
				GCC_PRECOMPILE_PREFIX_HEADER = YES;
				GCC_PREFIX_HEADER = "Whereami/Whereami-Prefix.pch";
				INFOPLIST_FILE = "Whereami/Whereami-Info.plist";
				IPHONEOS_DEPLOYMENT_TARGET = 5.0;
				PRODUCT_NAME = "$(TARGET_NAME)";
				WRAPPER_EXTENSION = app;
			};
			name = Debug;
		};
		A588AB94171163A700C5FC0D /* Release */ = {
			isa = XCBuildConfiguration;
			buildSettings = {
				GCC_PRECOMPILE_PREFIX_HEADER = YES;
				GCC_PREFIX_HEADER = "Whereami/Whereami-Prefix.pch";
				INFOPLIST_FILE = "Whereami/Whereami-Info.plist";
				IPHONEOS_DEPLOYMENT_TARGET = 5.0;
				PRODUCT_NAME = "$(TARGET_NAME)";
				WRAPPER_EXTENSION = app;
			};
			name = Release;
		};
/* End XCBuildConfiguration section */

/* Begin XCConfigurationList section */
		A588AB6A171163A700C5FC0D /* Build configuration list for PBXProject "Whereami" */ = {
			isa = XCConfigurationList;
			buildConfigurations = (
				A588AB90171163A700C5FC0D /* Debug */,
				A588AB91171163A700C5FC0D /* Release */,
			);
			defaultConfigurationIsVisible = 0;
			defaultConfigurationName = Release;
		};
		A588AB92171163A700C5FC0D /* Build configuration list for PBXNativeTarget "Whereami" */ = {
			isa = XCConfigurationList;
			buildConfigurations = (
				A588AB93171163A700C5FC0D /* Debug */,
				A588AB94171163A700C5FC0D /* Release */,
			);
			defaultConfigurationIsVisible = 0;
			defaultConfigurationName = Release;
		};
/* End XCConfigurationList section */
	};
	rootObject = A588AB67171163A700C5FC0D /* Project object */;
}
